
Microsoft Visual Studio Solution File, Format Version 12.00
# Visual Studio Version 17
VisualStudioVersion = 17.7.34018.315
MinimumVisualStudioVersion = 10.0.40219.1
Project("{9A19103F-16F7-4668-BE54-9A1E7A4F7556}") = "Schedulist.DAL", "Schedulist.DAL\Schedulist.DAL.csproj", "{B0D716B9-A579-403D-8078-1A5F399D4253}"
EndProject
Project("{9A19103F-16F7-4668-BE54-9A1E7A4F7556}") = "Schedulist.App", "Schedulist.App\Schedulist.App.csproj", "{81CA8627-44CB-4D2D-BD3E-7636C23C3D3F}"
EndProject
Project("{FAE04EC0-301F-11D3-BF4B-00C04F79EFBC}") = "Schedulist.Tests", "Schedulist.Tests\Schedulist.Tests.csproj", "{A644070F-4FE7-4D20-9016-B3AB8583FC12}"
EndProject
Global
	GlobalSection(SolutionConfigurationPlatforms) = preSolution
		Debug|Any CPU = Debug|Any CPU
		Release|Any CPU = Release|Any CPU
	EndGlobalSection
	GlobalSection(ProjectConfigurationPlatforms) = postSolution
		{B0D716B9-A579-403D-8078-1A5F399D4253}.Debug|Any CPU.ActiveCfg = Debug|Any CPU
		{B0D716B9-A579-403D-8078-1A5F399D4253}.Debug|Any CPU.Build.0 = Debug|Any CPU
		{B0D716B9-A579-403D-8078-1A5F399D4253}.Release|Any CPU.ActiveCfg = Release|Any CPU
		{B0D716B9-A579-403D-8078-1A5F399D4253}.Release|Any CPU.Build.0 = Release|Any CPU
		{81CA8627-44CB-4D2D-BD3E-7636C23C3D3F}.Debug|Any CPU.ActiveCfg = Debug|Any CPU
		{81CA8627-44CB-4D2D-BD3E-7636C23C3D3F}.Debug|Any CPU.Build.0 = Debug|Any CPU
		{81CA8627-44CB-4D2D-BD3E-7636C23C3D3F}.Release|Any CPU.ActiveCfg = Release|Any CPU
		{81CA8627-44CB-4D2D-BD3E-7636C23C3D3F}.Release|Any CPU.Build.0 = Release|Any CPU
		{A644070F-4FE7-4D20-9016-B3AB8583FC12}.Debug|Any CPU.ActiveCfg = Debug|Any CPU
		{A644070F-4FE7-4D20-9016-B3AB8583FC12}.Debug|Any CPU.Build.0 = Debug|Any CPU
		{A644070F-4FE7-4D20-9016-B3AB8583FC12}.Release|Any CPU.ActiveCfg = Release|Any CPU
		{A644070F-4FE7-4D20-9016-B3AB8583FC12}.Release|Any CPU.Build.0 = Release|Any CPU
	EndGlobalSection
	GlobalSection(SolutionProperties) = preSolution
		HideSolutionNode = FALSE
	EndGlobalSection
	GlobalSection(ExtensibilityGlobals) = postSolution
		SolutionGuid = {064E662E-A15D-4AD3-992E-2A60440F032A}
	EndGlobalSection
EndGlobal
